// !$*UTF8*$!
{
	archiveVersion = 1;
	classes = {
	};
	objectVersion = 56;
	objects = {

/* Begin PBXBuildFile section */
		14388FBD2A4E9E38003F619D /* NJColor.swift in Sources */ = {isa = PBXBuildFile; fileRef = 14388FBC2A4E9E38003F619D /* NJColor.swift */; };
		14460B2A2A0C949900C4DA54 /* AppDelegate.swift in Sources */ = {isa = PBXBuildFile; fileRef = 14460B292A0C949900C4DA54 /* AppDelegate.swift */; };
		14460B2C2A0C949900C4DA54 /* SceneDelegate.swift in Sources */ = {isa = PBXBuildFile; fileRef = 14460B2B2A0C949900C4DA54 /* SceneDelegate.swift */; };
		14460B2E2A0C949900C4DA54 /* HomeViewController.swift in Sources */ = {isa = PBXBuildFile; fileRef = 14460B2D2A0C949900C4DA54 /* HomeViewController.swift */; };
		14460B332A0C949B00C4DA54 /* Assets.xcassets in Resources */ = {isa = PBXBuildFile; fileRef = 14460B322A0C949B00C4DA54 /* Assets.xcassets */; };
		14460B362A0C949B00C4DA54 /* LaunchScreen.storyboard in Resources */ = {isa = PBXBuildFile; fileRef = 14460B342A0C949B00C4DA54 /* LaunchScreen.storyboard */; };
		14460B482A0C95EB00C4DA54 /* Bundle+Extensions.swift in Sources */ = {isa = PBXBuildFile; fileRef = 14460B432A0C95EB00C4DA54 /* Bundle+Extensions.swift */; };
		14460B492A0C95EB00C4DA54 /* UIView+Extensions.swift in Sources */ = {isa = PBXBuildFile; fileRef = 14460B442A0C95EB00C4DA54 /* UIView+Extensions.swift */; };
		14460B4B2A0C95EB00C4DA54 /* UIViewController+Extensions.swift in Sources */ = {isa = PBXBuildFile; fileRef = 14460B462A0C95EB00C4DA54 /* UIViewController+Extensions.swift */; };
		14460B4C2A0C95EB00C4DA54 /* UITableView+Extensions.swift in Sources */ = {isa = PBXBuildFile; fileRef = 14460B472A0C95EB00C4DA54 /* UITableView+Extensions.swift */; };
		14460B4F2A0D38AA00C4DA54 /* HomeView.swift in Sources */ = {isa = PBXBuildFile; fileRef = 14460B4E2A0D38AA00C4DA54 /* HomeView.swift */; };
		14460B5A2A0DEF5900C4DA54 /* NJAnalytics.swift in Sources */ = {isa = PBXBuildFile; fileRef = 14460B592A0DEF5900C4DA54 /* NJAnalytics.swift */; };
		14460B5C2A0DF03F00C4DA54 /* GoogleService-Info.plist in Resources */ = {isa = PBXBuildFile; fileRef = 14460B5B2A0DF03F00C4DA54 /* GoogleService-Info.plist */; };
		14460B5E2A0ECDAA00C4DA54 /* HomeViewModel.swift in Sources */ = {isa = PBXBuildFile; fileRef = 14460B5D2A0ECDAA00C4DA54 /* HomeViewModel.swift */; };
		14460B612A0F60D400C4DA54 /* InfoViewController.swift in Sources */ = {isa = PBXBuildFile; fileRef = 14460B602A0F60D400C4DA54 /* InfoViewController.swift */; };
		14460B652A1340A800C4DA54 /* GameViewController.swift in Sources */ = {isa = PBXBuildFile; fileRef = 14460B642A1340A800C4DA54 /* GameViewController.swift */; };
		14460B672A153C0D00C4DA54 /* GameView.swift in Sources */ = {isa = PBXBuildFile; fileRef = 14460B662A153C0D00C4DA54 /* GameView.swift */; };
		14460B692A153EFF00C4DA54 /* BaseViewController.swift in Sources */ = {isa = PBXBuildFile; fileRef = 14460B682A153EFF00C4DA54 /* BaseViewController.swift */; };
		14531BBC2A1DD35400E0BA6D /* SavedGamesViewModel.swift in Sources */ = {isa = PBXBuildFile; fileRef = 14531BBB2A1DD35400E0BA6D /* SavedGamesViewModel.swift */; };
		145660D22A341EC1003FD467 /* Coordinator.swift in Sources */ = {isa = PBXBuildFile; fileRef = 145660D12A341EC1003FD467 /* Coordinator.swift */; };
		145660D42A341EDC003FD467 /* MainCoordinator.swift in Sources */ = {isa = PBXBuildFile; fileRef = 145660D32A341EDC003FD467 /* MainCoordinator.swift */; };
		145660D62A342238003FD467 /* InfoView.swift in Sources */ = {isa = PBXBuildFile; fileRef = 145660D52A342238003FD467 /* InfoView.swift */; };
		145660D82A3422F7003FD467 /* InfoViewModel.swift in Sources */ = {isa = PBXBuildFile; fileRef = 145660D72A3422F7003FD467 /* InfoViewModel.swift */; };
		145660DA2A342902003FD467 /* Array+Extensions.swift in Sources */ = {isa = PBXBuildFile; fileRef = 145660D92A342902003FD467 /* Array+Extensions.swift */; };
		145660DC2A3452D4003FD467 /* UIColor+Extensions.swift in Sources */ = {isa = PBXBuildFile; fileRef = 145660DB2A3452D4003FD467 /* UIColor+Extensions.swift */; };
		145660DF2A3456EB003FD467 /* OnboardingKit in Frameworks */ = {isa = PBXBuildFile; productRef = 145660DE2A3456EB003FD467 /* OnboardingKit */; };
		146F3E362A4FD250007EAF53 /* GameViewCell.swift in Sources */ = {isa = PBXBuildFile; fileRef = 146F3E352A4FD250007EAF53 /* GameViewCell.swift */; };
		14888E792A1B339600359431 /* Game.swift in Sources */ = {isa = PBXBuildFile; fileRef = 14888E782A1B339500359431 /* Game.swift */; };
		14888E7B2A1B41C500359431 /* SavedGamesViewController.swift in Sources */ = {isa = PBXBuildFile; fileRef = 14888E7A2A1B41C500359431 /* SavedGamesViewController.swift */; };
		149D53802A16BFD900DC71F0 /* Enum.swift in Sources */ = {isa = PBXBuildFile; fileRef = 149D537F2A16BFD900DC71F0 /* Enum.swift */; };
		14C663FB2A1C67EC005E4E46 /* SavedGamesView.swift in Sources */ = {isa = PBXBuildFile; fileRef = 14C663FA2A1C67EC005E4E46 /* SavedGamesView.swift */; };
		14C663FE2A1C6872005E4E46 /* SavedGamesTableViewCell.swift in Sources */ = {isa = PBXBuildFile; fileRef = 14C663FD2A1C6872005E4E46 /* SavedGamesTableViewCell.swift */; };
		14C664022A1D3A71005E4E46 /* String+Extensions.swift in Sources */ = {isa = PBXBuildFile; fileRef = 14C664012A1D3A71005E4E46 /* String+Extensions.swift */; };
		14D014C72A46AFF800842FD5 /* OutOfOrderViewController.swift in Sources */ = {isa = PBXBuildFile; fileRef = 14D014C62A46AFF800842FD5 /* OutOfOrderViewController.swift */; };
		14D014C92A46B87000842FD5 /* OutOfOrderView.swift in Sources */ = {isa = PBXBuildFile; fileRef = 14D014C82A46B87000842FD5 /* OutOfOrderView.swift */; };
		14D014CD2A46C1A000842FD5 /* NJFont.swift in Sources */ = {isa = PBXBuildFile; fileRef = 14D014CC2A46C1A000842FD5 /* NJFont.swift */; };
		14FB0E972A16C79400AD91E9 /* GameViewModel.swift in Sources */ = {isa = PBXBuildFile; fileRef = 14FB0E962A16C79400AD91E9 /* GameViewModel.swift */; };
		5A3BC5754BC55831EB0AB00A /* Pods_Easy_Numbers.framework in Frameworks */ = {isa = PBXBuildFile; fileRef = 540B8E743E6DDD9D69FB7F4D /* Pods_Easy_Numbers.framework */; };
/* End PBXBuildFile section */

/* Begin PBXFileReference section */
		024618918227F409E0D44A55 /* Pods-Easy Numbers.debug.xcconfig */ = {isa = PBXFileReference; includeInIndex = 1; lastKnownFileType = text.xcconfig; name = "Pods-Easy Numbers.debug.xcconfig"; path = "Target Support Files/Pods-Easy Numbers/Pods-Easy Numbers.debug.xcconfig"; sourceTree = "<group>"; };
		14388FBC2A4E9E38003F619D /* NJColor.swift */ = {isa = PBXFileReference; lastKnownFileType = sourcecode.swift; path = NJColor.swift; sourceTree = "<group>"; };
		14460B262A0C949800C4DA54 /* Easy Numbers.app */ = {isa = PBXFileReference; explicitFileType = wrapper.application; includeInIndex = 0; path = "Easy Numbers.app"; sourceTree = BUILT_PRODUCTS_DIR; };
		14460B292A0C949900C4DA54 /* AppDelegate.swift */ = {isa = PBXFileReference; lastKnownFileType = sourcecode.swift; path = AppDelegate.swift; sourceTree = "<group>"; };
		14460B2B2A0C949900C4DA54 /* SceneDelegate.swift */ = {isa = PBXFileReference; lastKnownFileType = sourcecode.swift; path = SceneDelegate.swift; sourceTree = "<group>"; };
		14460B2D2A0C949900C4DA54 /* HomeViewController.swift */ = {isa = PBXFileReference; lastKnownFileType = sourcecode.swift; path = HomeViewController.swift; sourceTree = "<group>"; };
		14460B322A0C949B00C4DA54 /* Assets.xcassets */ = {isa = PBXFileReference; lastKnownFileType = folder.assetcatalog; path = Assets.xcassets; sourceTree = "<group>"; };
		14460B352A0C949B00C4DA54 /* Base */ = {isa = PBXFileReference; lastKnownFileType = file.storyboard; name = Base; path = Base.lproj/LaunchScreen.storyboard; sourceTree = "<group>"; };
		14460B372A0C949B00C4DA54 /* Info.plist */ = {isa = PBXFileReference; lastKnownFileType = text.plist.xml; path = Info.plist; sourceTree = "<group>"; };
		14460B432A0C95EB00C4DA54 /* Bundle+Extensions.swift */ = {isa = PBXFileReference; fileEncoding = 4; lastKnownFileType = sourcecode.swift; path = "Bundle+Extensions.swift"; sourceTree = "<group>"; };
		14460B442A0C95EB00C4DA54 /* UIView+Extensions.swift */ = {isa = PBXFileReference; fileEncoding = 4; lastKnownFileType = sourcecode.swift; path = "UIView+Extensions.swift"; sourceTree = "<group>"; };
		14460B462A0C95EB00C4DA54 /* UIViewController+Extensions.swift */ = {isa = PBXFileReference; fileEncoding = 4; lastKnownFileType = sourcecode.swift; path = "UIViewController+Extensions.swift"; sourceTree = "<group>"; };
		14460B472A0C95EB00C4DA54 /* UITableView+Extensions.swift */ = {isa = PBXFileReference; fileEncoding = 4; lastKnownFileType = sourcecode.swift; path = "UITableView+Extensions.swift"; sourceTree = "<group>"; };
		14460B4E2A0D38AA00C4DA54 /* HomeView.swift */ = {isa = PBXFileReference; lastKnownFileType = sourcecode.swift; path = HomeView.swift; sourceTree = "<group>"; };
		14460B592A0DEF5900C4DA54 /* NJAnalytics.swift */ = {isa = PBXFileReference; lastKnownFileType = sourcecode.swift; path = NJAnalytics.swift; sourceTree = "<group>"; };
		14460B5B2A0DF03F00C4DA54 /* GoogleService-Info.plist */ = {isa = PBXFileReference; fileEncoding = 4; lastKnownFileType = text.plist.xml; path = "GoogleService-Info.plist"; sourceTree = "<group>"; };
		14460B5D2A0ECDAA00C4DA54 /* HomeViewModel.swift */ = {isa = PBXFileReference; lastKnownFileType = sourcecode.swift; path = HomeViewModel.swift; sourceTree = "<group>"; };
		14460B602A0F60D400C4DA54 /* InfoViewController.swift */ = {isa = PBXFileReference; lastKnownFileType = sourcecode.swift; path = InfoViewController.swift; sourceTree = "<group>"; };
		14460B642A1340A800C4DA54 /* GameViewController.swift */ = {isa = PBXFileReference; lastKnownFileType = sourcecode.swift; path = GameViewController.swift; sourceTree = "<group>"; };
		14460B662A153C0D00C4DA54 /* GameView.swift */ = {isa = PBXFileReference; lastKnownFileType = sourcecode.swift; path = GameView.swift; sourceTree = "<group>"; };
		14460B682A153EFF00C4DA54 /* BaseViewController.swift */ = {isa = PBXFileReference; lastKnownFileType = sourcecode.swift; path = BaseViewController.swift; sourceTree = "<group>"; };
		14531BBB2A1DD35400E0BA6D /* SavedGamesViewModel.swift */ = {isa = PBXFileReference; lastKnownFileType = sourcecode.swift; path = SavedGamesViewModel.swift; sourceTree = "<group>"; };
		145660D12A341EC1003FD467 /* Coordinator.swift */ = {isa = PBXFileReference; lastKnownFileType = sourcecode.swift; path = Coordinator.swift; sourceTree = "<group>"; };
		145660D32A341EDC003FD467 /* MainCoordinator.swift */ = {isa = PBXFileReference; lastKnownFileType = sourcecode.swift; path = MainCoordinator.swift; sourceTree = "<group>"; };
		145660D52A342238003FD467 /* InfoView.swift */ = {isa = PBXFileReference; lastKnownFileType = sourcecode.swift; path = InfoView.swift; sourceTree = "<group>"; };
		145660D72A3422F7003FD467 /* InfoViewModel.swift */ = {isa = PBXFileReference; lastKnownFileType = sourcecode.swift; path = InfoViewModel.swift; sourceTree = "<group>"; };
		145660D92A342902003FD467 /* Array+Extensions.swift */ = {isa = PBXFileReference; lastKnownFileType = sourcecode.swift; path = "Array+Extensions.swift"; sourceTree = "<group>"; };
		145660DB2A3452D4003FD467 /* UIColor+Extensions.swift */ = {isa = PBXFileReference; lastKnownFileType = sourcecode.swift; path = "UIColor+Extensions.swift"; sourceTree = "<group>"; };
		146F3E352A4FD250007EAF53 /* GameViewCell.swift */ = {isa = PBXFileReference; lastKnownFileType = sourcecode.swift; path = GameViewCell.swift; sourceTree = "<group>"; };
		14888E782A1B339500359431 /* Game.swift */ = {isa = PBXFileReference; lastKnownFileType = sourcecode.swift; path = Game.swift; sourceTree = "<group>"; };
		14888E7A2A1B41C500359431 /* SavedGamesViewController.swift */ = {isa = PBXFileReference; lastKnownFileType = sourcecode.swift; path = SavedGamesViewController.swift; sourceTree = "<group>"; };
		149D537F2A16BFD900DC71F0 /* Enum.swift */ = {isa = PBXFileReference; lastKnownFileType = sourcecode.swift; path = Enum.swift; sourceTree = "<group>"; };
		14C663FA2A1C67EC005E4E46 /* SavedGamesView.swift */ = {isa = PBXFileReference; lastKnownFileType = sourcecode.swift; path = SavedGamesView.swift; sourceTree = "<group>"; };
		14C663FD2A1C6872005E4E46 /* SavedGamesTableViewCell.swift */ = {isa = PBXFileReference; lastKnownFileType = sourcecode.swift; path = SavedGamesTableViewCell.swift; sourceTree = "<group>"; };
		14C664012A1D3A71005E4E46 /* String+Extensions.swift */ = {isa = PBXFileReference; lastKnownFileType = sourcecode.swift; path = "String+Extensions.swift"; sourceTree = "<group>"; };
		14D014C62A46AFF800842FD5 /* OutOfOrderViewController.swift */ = {isa = PBXFileReference; lastKnownFileType = sourcecode.swift; path = OutOfOrderViewController.swift; sourceTree = "<group>"; };
		14D014C82A46B87000842FD5 /* OutOfOrderView.swift */ = {isa = PBXFileReference; lastKnownFileType = sourcecode.swift; path = OutOfOrderView.swift; sourceTree = "<group>"; };
		14D014CC2A46C1A000842FD5 /* NJFont.swift */ = {isa = PBXFileReference; lastKnownFileType = sourcecode.swift; path = NJFont.swift; sourceTree = "<group>"; };
		14FB0E962A16C79400AD91E9 /* GameViewModel.swift */ = {isa = PBXFileReference; lastKnownFileType = sourcecode.swift; path = GameViewModel.swift; sourceTree = "<group>"; };
		540B8E743E6DDD9D69FB7F4D /* Pods_Easy_Numbers.framework */ = {isa = PBXFileReference; explicitFileType = wrapper.framework; includeInIndex = 0; path = Pods_Easy_Numbers.framework; sourceTree = BUILT_PRODUCTS_DIR; };
		D8D526D251AD9F0C4C425C9F /* Pods-Easy Numbers.release.xcconfig */ = {isa = PBXFileReference; includeInIndex = 1; lastKnownFileType = text.xcconfig; name = "Pods-Easy Numbers.release.xcconfig"; path = "Target Support Files/Pods-Easy Numbers/Pods-Easy Numbers.release.xcconfig"; sourceTree = "<group>"; };
/* End PBXFileReference section */

/* Begin PBXFrameworksBuildPhase section */
		14460B232A0C949800C4DA54 /* Frameworks */ = {
			isa = PBXFrameworksBuildPhase;
			buildActionMask = 2147483647;
			files = (
				145660DF2A3456EB003FD467 /* OnboardingKit in Frameworks */,
				5A3BC5754BC55831EB0AB00A /* Pods_Easy_Numbers.framework in Frameworks */,
			);
			runOnlyForDeploymentPostprocessing = 0;
		};
/* End PBXFrameworksBuildPhase section */

/* Begin PBXGroup section */
		14460B1D2A0C949800C4DA54 = {
			isa = PBXGroup;
			children = (
				14460B282A0C949900C4DA54 /* Easy Numbers */,
				14460B272A0C949800C4DA54 /* Products */,
				BC5265F804A3629EE1E49444 /* Pods */,
				86216FBC4C69BB0AD4A7F601 /* Frameworks */,
			);
			sourceTree = "<group>";
		};
		14460B272A0C949800C4DA54 /* Products */ = {
			isa = PBXGroup;
			children = (
				14460B262A0C949800C4DA54 /* Easy Numbers.app */,
			);
			name = Products;
			sourceTree = "<group>";
		};
		14460B282A0C949900C4DA54 /* Easy Numbers */ = {
			isa = PBXGroup;
			children = (
				14460B4D2A0C98BC00C4DA54 /* Resources */,
				14460B3E2A0C953100C4DA54 /* Application */,
				145660D02A341EAE003FD467 /* Coordinator */,
				14460B3D2A0C951C00C4DA54 /* Controller */,
				14460B412A0C954F00C4DA54 /* Model */,
				14460B402A0C954800C4DA54 /* View */,
				14460B3F2A0C954200C4DA54 /* ViewModel */,
				14460B422A0C956200C4DA54 /* Extensions */,
				14460B502A0DED2300C4DA54 /* Analytics */,
				149D537E2A16BFBD00DC71F0 /* Supporting Files */,
			);
			path = "Easy Numbers";
			sourceTree = "<group>";
		};
		14460B3D2A0C951C00C4DA54 /* Controller */ = {
			isa = PBXGroup;
			children = (
				14460B622A0FC12C00C4DA54 /* Core */,
				14460B632A0FC2B500C4DA54 /* Other */,
			);
			path = Controller;
			sourceTree = "<group>";
		};
		14460B3E2A0C953100C4DA54 /* Application */ = {
			isa = PBXGroup;
			children = (
				14460B292A0C949900C4DA54 /* AppDelegate.swift */,
				14460B2B2A0C949900C4DA54 /* SceneDelegate.swift */,
			);
			path = Application;
			sourceTree = "<group>";
		};
		14460B3F2A0C954200C4DA54 /* ViewModel */ = {
			isa = PBXGroup;
			children = (
				14460B5D2A0ECDAA00C4DA54 /* HomeViewModel.swift */,
				14FB0E962A16C79400AD91E9 /* GameViewModel.swift */,
				14531BBB2A1DD35400E0BA6D /* SavedGamesViewModel.swift */,
				145660D72A3422F7003FD467 /* InfoViewModel.swift */,
			);
			path = ViewModel;
			sourceTree = "<group>";
		};
		14460B402A0C954800C4DA54 /* View */ = {
			isa = PBXGroup;
			children = (
				146F3E372A512742007EAF53 /* Home */,
				146F3E382A51274D007EAF53 /* Game */,
				146F3E392A512758007EAF53 /* Saved Games */,
				146F3E3A2A512762007EAF53 /* Info */,
				146F3E3B2A512769007EAF53 /* Out of Order */,
			);
			path = View;
			sourceTree = "<group>";
		};
		14460B412A0C954F00C4DA54 /* Model */ = {
			isa = PBXGroup;
			children = (
				14888E782A1B339500359431 /* Game.swift */,
			);
			path = Model;
			sourceTree = "<group>";
		};
		14460B422A0C956200C4DA54 /* Extensions */ = {
			isa = PBXGroup;
			children = (
				14460B432A0C95EB00C4DA54 /* Bundle+Extensions.swift */,
				14460B472A0C95EB00C4DA54 /* UITableView+Extensions.swift */,
				14460B462A0C95EB00C4DA54 /* UIViewController+Extensions.swift */,
				14460B442A0C95EB00C4DA54 /* UIView+Extensions.swift */,
				14C664012A1D3A71005E4E46 /* String+Extensions.swift */,
				145660D92A342902003FD467 /* Array+Extensions.swift */,
				145660DB2A3452D4003FD467 /* UIColor+Extensions.swift */,
			);
			path = Extensions;
			sourceTree = "<group>";
		};
		14460B4D2A0C98BC00C4DA54 /* Resources */ = {
			isa = PBXGroup;
			children = (
				14460B372A0C949B00C4DA54 /* Info.plist */,
				14460B5B2A0DF03F00C4DA54 /* GoogleService-Info.plist */,
				14460B322A0C949B00C4DA54 /* Assets.xcassets */,
				14460B342A0C949B00C4DA54 /* LaunchScreen.storyboard */,
			);
			path = Resources;
			sourceTree = "<group>";
		};
		14460B502A0DED2300C4DA54 /* Analytics */ = {
			isa = PBXGroup;
			children = (
				14460B592A0DEF5900C4DA54 /* NJAnalytics.swift */,
			);
			path = Analytics;
			sourceTree = "<group>";
		};
		14460B622A0FC12C00C4DA54 /* Core */ = {
			isa = PBXGroup;
			children = (
				14460B2D2A0C949900C4DA54 /* HomeViewController.swift */,
				14460B642A1340A800C4DA54 /* GameViewController.swift */,
				14888E7A2A1B41C500359431 /* SavedGamesViewController.swift */,
				14460B602A0F60D400C4DA54 /* InfoViewController.swift */,
			);
			path = Core;
			sourceTree = "<group>";
		};
		14460B632A0FC2B500C4DA54 /* Other */ = {
			isa = PBXGroup;
			children = (
				14460B682A153EFF00C4DA54 /* BaseViewController.swift */,
				14D014C62A46AFF800842FD5 /* OutOfOrderViewController.swift */,
			);
			path = Other;
			sourceTree = "<group>";
		};
		145660D02A341EAE003FD467 /* Coordinator */ = {
			isa = PBXGroup;
			children = (
				145660D12A341EC1003FD467 /* Coordinator.swift */,
				145660D32A341EDC003FD467 /* MainCoordinator.swift */,
			);
			path = Coordinator;
			sourceTree = "<group>";
		};
		146F3E372A512742007EAF53 /* Home */ = {
			isa = PBXGroup;
			children = (
				14460B4E2A0D38AA00C4DA54 /* HomeView.swift */,
			);
			path = Home;
			sourceTree = "<group>";
		};
		146F3E382A51274D007EAF53 /* Game */ = {
			isa = PBXGroup;
			children = (
				14460B662A153C0D00C4DA54 /* GameView.swift */,
				146F3E352A4FD250007EAF53 /* GameViewCell.swift */,
			);
			path = Game;
			sourceTree = "<group>";
		};
		146F3E392A512758007EAF53 /* Saved Games */ = {
			isa = PBXGroup;
			children = (
				14C663FA2A1C67EC005E4E46 /* SavedGamesView.swift */,
				14C663FD2A1C6872005E4E46 /* SavedGamesTableViewCell.swift */,
			);
			path = "Saved Games";
			sourceTree = "<group>";
		};
		146F3E3A2A512762007EAF53 /* Info */ = {
			isa = PBXGroup;
			children = (
				145660D52A342238003FD467 /* InfoView.swift */,
			);
			path = Info;
			sourceTree = "<group>";
		};
		146F3E3B2A512769007EAF53 /* Out of Order */ = {
			isa = PBXGroup;
			children = (
				14D014C82A46B87000842FD5 /* OutOfOrderView.swift */,
			);
			path = "Out of Order";
			sourceTree = "<group>";
		};
		149D537E2A16BFBD00DC71F0 /* Supporting Files */ = {
			isa = PBXGroup;
			children = (
				149D537F2A16BFD900DC71F0 /* Enum.swift */,
				14D014CC2A46C1A000842FD5 /* NJFont.swift */,
				14388FBC2A4E9E38003F619D /* NJColor.swift */,
			);
			path = "Supporting Files";
			sourceTree = "<group>";
		};
		86216FBC4C69BB0AD4A7F601 /* Frameworks */ = {
			isa = PBXGroup;
			children = (
				540B8E743E6DDD9D69FB7F4D /* Pods_Easy_Numbers.framework */,
			);
			name = Frameworks;
			sourceTree = "<group>";
		};
		BC5265F804A3629EE1E49444 /* Pods */ = {
			isa = PBXGroup;
			children = (
				024618918227F409E0D44A55 /* Pods-Easy Numbers.debug.xcconfig */,
				D8D526D251AD9F0C4C425C9F /* Pods-Easy Numbers.release.xcconfig */,
			);
			path = Pods;
			sourceTree = "<group>";
		};
/* End PBXGroup section */

/* Begin PBXNativeTarget section */
		14460B252A0C949800C4DA54 /* Easy Numbers */ = {
			isa = PBXNativeTarget;
			buildConfigurationList = 14460B3A2A0C949B00C4DA54 /* Build configuration list for PBXNativeTarget "Easy Numbers" */;
			buildPhases = (
				7A56CA37AACE09EE990C538A /* [CP] Check Pods Manifest.lock */,
				14460B222A0C949800C4DA54 /* Sources */,
				14460B232A0C949800C4DA54 /* Frameworks */,
				14460B242A0C949800C4DA54 /* Resources */,
				E02069302BD44A3B9AC00D2D /* [CP] Embed Pods Frameworks */,
				14460B5F2A0F339400C4DA54 /* ShellScript */,
			);
			buildRules = (
			);
			dependencies = (
			);
			name = "Easy Numbers";
			packageProductDependencies = (
				145660DE2A3456EB003FD467 /* OnboardingKit */,
			);
			productName = "Easy Numbers";
			productReference = 14460B262A0C949800C4DA54 /* Easy Numbers.app */;
			productType = "com.apple.product-type.application";
		};
/* End PBXNativeTarget section */

/* Begin PBXProject section */
		14460B1E2A0C949800C4DA54 /* Project object */ = {
			isa = PBXProject;
			attributes = {
				BuildIndependentTargetsInParallel = 1;
				LastSwiftUpdateCheck = 1430;
				LastUpgradeCheck = 1430;
				TargetAttributes = {
					14460B252A0C949800C4DA54 = {
						CreatedOnToolsVersion = 14.3;
					};
				};
			};
			buildConfigurationList = 14460B212A0C949800C4DA54 /* Build configuration list for PBXProject "Easy Numbers" */;
			compatibilityVersion = "Xcode 14.0";
			developmentRegion = en;
			hasScannedForEncodings = 0;
			knownRegions = (
				en,
				Base,
			);
			mainGroup = 14460B1D2A0C949800C4DA54;
			packageReferences = (
				145660DD2A3456EB003FD467 /* XCRemoteSwiftPackageReference "OnboardingKit" */,
			);
			productRefGroup = 14460B272A0C949800C4DA54 /* Products */;
			projectDirPath = "";
			projectRoot = "";
			targets = (
				14460B252A0C949800C4DA54 /* Easy Numbers */,
			);
		};
/* End PBXProject section */

/* Begin PBXResourcesBuildPhase section */
		14460B242A0C949800C4DA54 /* Resources */ = {
			isa = PBXResourcesBuildPhase;
			buildActionMask = 2147483647;
			files = (
				14460B362A0C949B00C4DA54 /* LaunchScreen.storyboard in Resources */,
				14460B332A0C949B00C4DA54 /* Assets.xcassets in Resources */,
				14460B5C2A0DF03F00C4DA54 /* GoogleService-Info.plist in Resources */,
			);
			runOnlyForDeploymentPostprocessing = 0;
		};
/* End PBXResourcesBuildPhase section */

/* Begin PBXShellScriptBuildPhase section */
		14460B5F2A0F339400C4DA54 /* ShellScript */ = {
			isa = PBXShellScriptBuildPhase;
			buildActionMask = 2147483647;
			files = (
			);
			inputFileListPaths = (
			);
			inputPaths = (
			);
			outputFileListPaths = (
			);
			outputPaths = (
			);
			runOnlyForDeploymentPostprocessing = 0;
			shellPath = /bin/sh;
			shellScript = "\"${PODS_ROOT}/FirebaseCrashlytics/run\"\n";
		};
		7A56CA37AACE09EE990C538A /* [CP] Check Pods Manifest.lock */ = {
			isa = PBXShellScriptBuildPhase;
			buildActionMask = 2147483647;
			files = (
			);
			inputFileListPaths = (
			);
			inputPaths = (
				"${PODS_PODFILE_DIR_PATH}/Podfile.lock",
				"${PODS_ROOT}/Manifest.lock",
			);
			name = "[CP] Check Pods Manifest.lock";
			outputFileListPaths = (
			);
			outputPaths = (
				"$(DERIVED_FILE_DIR)/Pods-Easy Numbers-checkManifestLockResult.txt",
			);
			runOnlyForDeploymentPostprocessing = 0;
			shellPath = /bin/sh;
			shellScript = "diff \"${PODS_PODFILE_DIR_PATH}/Podfile.lock\" \"${PODS_ROOT}/Manifest.lock\" > /dev/null\nif [ $? != 0 ] ; then\n    # print error to STDERR\n    echo \"error: The sandbox is not in sync with the Podfile.lock. Run 'pod install' or update your CocoaPods installation.\" >&2\n    exit 1\nfi\n# This output is used by Xcode 'outputs' to avoid re-running this script phase.\necho \"SUCCESS\" > \"${SCRIPT_OUTPUT_FILE_0}\"\n";
			showEnvVarsInLog = 0;
		};
		E02069302BD44A3B9AC00D2D /* [CP] Embed Pods Frameworks */ = {
			isa = PBXShellScriptBuildPhase;
			buildActionMask = 2147483647;
			files = (
			);
			inputFileListPaths = (
				"${PODS_ROOT}/Target Support Files/Pods-Easy Numbers/Pods-Easy Numbers-frameworks-${CONFIGURATION}-input-files.xcfilelist",
			);
			name = "[CP] Embed Pods Frameworks";
			outputFileListPaths = (
				"${PODS_ROOT}/Target Support Files/Pods-Easy Numbers/Pods-Easy Numbers-frameworks-${CONFIGURATION}-output-files.xcfilelist",
			);
			runOnlyForDeploymentPostprocessing = 0;
			shellPath = /bin/sh;
			shellScript = "\"${PODS_ROOT}/Target Support Files/Pods-Easy Numbers/Pods-Easy Numbers-frameworks.sh\"\n";
			showEnvVarsInLog = 0;
		};
/* End PBXShellScriptBuildPhase section */

/* Begin PBXSourcesBuildPhase section */
		14460B222A0C949800C4DA54 /* Sources */ = {
			isa = PBXSourcesBuildPhase;
			buildActionMask = 2147483647;
			files = (
				14460B2E2A0C949900C4DA54 /* HomeViewController.swift in Sources */,
				145660D42A341EDC003FD467 /* MainCoordinator.swift in Sources */,
				14460B612A0F60D400C4DA54 /* InfoViewController.swift in Sources */,
				14460B5A2A0DEF5900C4DA54 /* NJAnalytics.swift in Sources */,
				14460B4B2A0C95EB00C4DA54 /* UIViewController+Extensions.swift in Sources */,
				14FB0E972A16C79400AD91E9 /* GameViewModel.swift in Sources */,
				14460B652A1340A800C4DA54 /* GameViewController.swift in Sources */,
				14460B692A153EFF00C4DA54 /* BaseViewController.swift in Sources */,
				14460B5E2A0ECDAA00C4DA54 /* HomeViewModel.swift in Sources */,
				149D53802A16BFD900DC71F0 /* Enum.swift in Sources */,
				145660DA2A342902003FD467 /* Array+Extensions.swift in Sources */,
				145660DC2A3452D4003FD467 /* UIColor+Extensions.swift in Sources */,
				14460B2A2A0C949900C4DA54 /* AppDelegate.swift in Sources */,
				14888E7B2A1B41C500359431 /* SavedGamesViewController.swift in Sources */,
				14460B492A0C95EB00C4DA54 /* UIView+Extensions.swift in Sources */,
				14460B2C2A0C949900C4DA54 /* SceneDelegate.swift in Sources */,
				14460B4F2A0D38AA00C4DA54 /* HomeView.swift in Sources */,
				14531BBC2A1DD35400E0BA6D /* SavedGamesViewModel.swift in Sources */,
				14888E792A1B339600359431 /* Game.swift in Sources */,
				146F3E362A4FD250007EAF53 /* GameViewCell.swift in Sources */,
				14D014C92A46B87000842FD5 /* OutOfOrderView.swift in Sources */,
				14C663FE2A1C6872005E4E46 /* SavedGamesTableViewCell.swift in Sources */,
				14D014C72A46AFF800842FD5 /* OutOfOrderViewController.swift in Sources */,
				145660D22A341EC1003FD467 /* Coordinator.swift in Sources */,
				14C663FB2A1C67EC005E4E46 /* SavedGamesView.swift in Sources */,
				14C664022A1D3A71005E4E46 /* String+Extensions.swift in Sources */,
				14D014CD2A46C1A000842FD5 /* NJFont.swift in Sources */,
				145660D82A3422F7003FD467 /* InfoViewModel.swift in Sources */,
				14460B482A0C95EB00C4DA54 /* Bundle+Extensions.swift in Sources */,
				14460B672A153C0D00C4DA54 /* GameView.swift in Sources */,
				14388FBD2A4E9E38003F619D /* NJColor.swift in Sources */,
				145660D62A342238003FD467 /* InfoView.swift in Sources */,
				14460B4C2A0C95EB00C4DA54 /* UITableView+Extensions.swift in Sources */,
			);
			runOnlyForDeploymentPostprocessing = 0;
		};
/* End PBXSourcesBuildPhase section */

/* Begin PBXVariantGroup section */
		14460B342A0C949B00C4DA54 /* LaunchScreen.storyboard */ = {
			isa = PBXVariantGroup;
			children = (
				14460B352A0C949B00C4DA54 /* Base */,
			);
			name = LaunchScreen.storyboard;
			sourceTree = "<group>";
		};
/* End PBXVariantGroup section */

/* Begin XCBuildConfiguration section */
		14460B382A0C949B00C4DA54 /* Debug */ = {
			isa = XCBuildConfiguration;
			buildSettings = {
				ALWAYS_SEARCH_USER_PATHS = NO;
				CLANG_ANALYZER_NONNULL = YES;
				CLANG_ANALYZER_NUMBER_OBJECT_CONVERSION = YES_AGGRESSIVE;
				CLANG_CXX_LANGUAGE_STANDARD = "gnu++20";
				CLANG_ENABLE_MODULES = YES;
				CLANG_ENABLE_OBJC_ARC = YES;
				CLANG_ENABLE_OBJC_WEAK = YES;
				CLANG_WARN_BLOCK_CAPTURE_AUTORELEASING = YES;
				CLANG_WARN_BOOL_CONVERSION = YES;
				CLANG_WARN_COMMA = YES;
				CLANG_WARN_CONSTANT_CONVERSION = YES;
				CLANG_WARN_DEPRECATED_OBJC_IMPLEMENTATIONS = YES;
				CLANG_WARN_DIRECT_OBJC_ISA_USAGE = YES_ERROR;
				CLANG_WARN_DOCUMENTATION_COMMENTS = YES;
				CLANG_WARN_EMPTY_BODY = YES;
				CLANG_WARN_ENUM_CONVERSION = YES;
				CLANG_WARN_INFINITE_RECURSION = YES;
				CLANG_WARN_INT_CONVERSION = YES;
				CLANG_WARN_NON_LITERAL_NULL_CONVERSION = YES;
				CLANG_WARN_OBJC_IMPLICIT_RETAIN_SELF = YES;
				CLANG_WARN_OBJC_LITERAL_CONVERSION = YES;
				CLANG_WARN_OBJC_ROOT_CLASS = YES_ERROR;
				CLANG_WARN_QUOTED_INCLUDE_IN_FRAMEWORK_HEADER = YES;
				CLANG_WARN_RANGE_LOOP_ANALYSIS = YES;
				CLANG_WARN_STRICT_PROTOTYPES = YES;
				CLANG_WARN_SUSPICIOUS_MOVE = YES;
				CLANG_WARN_UNGUARDED_AVAILABILITY = YES_AGGRESSIVE;
				CLANG_WARN_UNREACHABLE_CODE = YES;
				CLANG_WARN__DUPLICATE_METHOD_MATCH = YES;
				COPY_PHASE_STRIP = NO;
				DEBUG_INFORMATION_FORMAT = dwarf;
				ENABLE_STRICT_OBJC_MSGSEND = YES;
				ENABLE_TESTABILITY = YES;
				GCC_C_LANGUAGE_STANDARD = gnu11;
				GCC_DYNAMIC_NO_PIC = NO;
				GCC_NO_COMMON_BLOCKS = YES;
				GCC_OPTIMIZATION_LEVEL = 0;
				GCC_PREPROCESSOR_DEFINITIONS = (
					"DEBUG=1",
					"$(inherited)",
				);
				GCC_WARN_64_TO_32_BIT_CONVERSION = YES;
				GCC_WARN_ABOUT_RETURN_TYPE = YES_ERROR;
				GCC_WARN_UNDECLARED_SELECTOR = YES;
				GCC_WARN_UNINITIALIZED_AUTOS = YES_AGGRESSIVE;
				GCC_WARN_UNUSED_FUNCTION = YES;
				GCC_WARN_UNUSED_VARIABLE = YES;
				IPHONEOS_DEPLOYMENT_TARGET = 13.0;
				MTL_ENABLE_DEBUG_INFO = INCLUDE_SOURCE;
				MTL_FAST_MATH = YES;
				ONLY_ACTIVE_ARCH = YES;
				SDKROOT = iphoneos;
				SWIFT_ACTIVE_COMPILATION_CONDITIONS = DEBUG;
				SWIFT_OPTIMIZATION_LEVEL = "-Onone";
			};
			name = Debug;
		};
		14460B392A0C949B00C4DA54 /* Release */ = {
			isa = XCBuildConfiguration;
			buildSettings = {
				ALWAYS_SEARCH_USER_PATHS = NO;
				CLANG_ANALYZER_NONNULL = YES;
				CLANG_ANALYZER_NUMBER_OBJECT_CONVERSION = YES_AGGRESSIVE;
				CLANG_CXX_LANGUAGE_STANDARD = "gnu++20";
				CLANG_ENABLE_MODULES = YES;
				CLANG_ENABLE_OBJC_ARC = YES;
				CLANG_ENABLE_OBJC_WEAK = YES;
				CLANG_WARN_BLOCK_CAPTURE_AUTORELEASING = YES;
				CLANG_WARN_BOOL_CONVERSION = YES;
				CLANG_WARN_COMMA = YES;
				CLANG_WARN_CONSTANT_CONVERSION = YES;
				CLANG_WARN_DEPRECATED_OBJC_IMPLEMENTATIONS = YES;
				CLANG_WARN_DIRECT_OBJC_ISA_USAGE = YES_ERROR;
				CLANG_WARN_DOCUMENTATION_COMMENTS = YES;
				CLANG_WARN_EMPTY_BODY = YES;
				CLANG_WARN_ENUM_CONVERSION = YES;
				CLANG_WARN_INFINITE_RECURSION = YES;
				CLANG_WARN_INT_CONVERSION = YES;
				CLANG_WARN_NON_LITERAL_NULL_CONVERSION = YES;
				CLANG_WARN_OBJC_IMPLICIT_RETAIN_SELF = YES;
				CLANG_WARN_OBJC_LITERAL_CONVERSION = YES;
				CLANG_WARN_OBJC_ROOT_CLASS = YES_ERROR;
				CLANG_WARN_QUOTED_INCLUDE_IN_FRAMEWORK_HEADER = YES;
				CLANG_WARN_RANGE_LOOP_ANALYSIS = YES;
				CLANG_WARN_STRICT_PROTOTYPES = YES;
				CLANG_WARN_SUSPICIOUS_MOVE = YES;
				CLANG_WARN_UNGUARDED_AVAILABILITY = YES_AGGRESSIVE;
				CLANG_WARN_UNREACHABLE_CODE = YES;
				CLANG_WARN__DUPLICATE_METHOD_MATCH = YES;
				COPY_PHASE_STRIP = NO;
				DEBUG_INFORMATION_FORMAT = "dwarf-with-dsym";
				ENABLE_NS_ASSERTIONS = NO;
				ENABLE_STRICT_OBJC_MSGSEND = YES;
				GCC_C_LANGUAGE_STANDARD = gnu11;
				GCC_NO_COMMON_BLOCKS = YES;
				GCC_WARN_64_TO_32_BIT_CONVERSION = YES;
				GCC_WARN_ABOUT_RETURN_TYPE = YES_ERROR;
				GCC_WARN_UNDECLARED_SELECTOR = YES;
				GCC_WARN_UNINITIALIZED_AUTOS = YES_AGGRESSIVE;
				GCC_WARN_UNUSED_FUNCTION = YES;
				GCC_WARN_UNUSED_VARIABLE = YES;
				IPHONEOS_DEPLOYMENT_TARGET = 13.0;
				MTL_ENABLE_DEBUG_INFO = NO;
				MTL_FAST_MATH = YES;
				SDKROOT = iphoneos;
				SWIFT_COMPILATION_MODE = wholemodule;
				SWIFT_OPTIMIZATION_LEVEL = "-O";
				VALIDATE_PRODUCT = YES;
			};
			name = Release;
		};
		14460B3B2A0C949B00C4DA54 /* Debug */ = {
			isa = XCBuildConfiguration;
			baseConfigurationReference = 024618918227F409E0D44A55 /* Pods-Easy Numbers.debug.xcconfig */;
			buildSettings = {
				APP_NAME = "Jogos Lotéricas";
				ASSETCATALOG_COMPILER_APPICON_NAME = AppIcon;
				ASSETCATALOG_COMPILER_GLOBAL_ACCENT_COLOR_NAME = AccentColor;
				CODE_SIGN_STYLE = Automatic;
				CURRENT_PROJECT_VERSION = 5;
				DEVELOPMENT_TEAM = KTUAP2Z2QF;
				GENERATE_INFOPLIST_FILE = YES;
				INFOPLIST_FILE = "Easy Numbers/Resources/Info.plist";
				INFOPLIST_KEY_CFBundleDisplayName = "Jogos Lotérica";
				INFOPLIST_KEY_LSApplicationCategoryType = "public.app-category.productivity";
				INFOPLIST_KEY_UIApplicationSupportsIndirectInputEvents = YES;
				INFOPLIST_KEY_UILaunchStoryboardName = LaunchScreen;
				INFOPLIST_KEY_UIStatusBarStyle = UIStatusBarStyleDarkContent;
				INFOPLIST_KEY_UISupportedInterfaceOrientations = UIInterfaceOrientationPortrait;
				INFOPLIST_KEY_UISupportedInterfaceOrientations_iPad = "UIInterfaceOrientationLandscapeLeft UIInterfaceOrientationLandscapeRight UIInterfaceOrientationPortrait UIInterfaceOrientationPortraitUpsideDown";
				IPHONEOS_DEPLOYMENT_TARGET = 15.0;
				LD_RUNPATH_SEARCH_PATHS = (
					"$(inherited)",
					"@executable_path/Frameworks",
				);
				MARKETING_VERSION = 1.0;
				PRODUCT_BUNDLE_IDENTIFIER = "com.njdevelopment.Easy-Numbers";
				PRODUCT_NAME = "$(TARGET_NAME)";
				RESULTS_URL = "https://www.caixa.gov.br/menu-app-loterias/Paginas/menu.aspx";
				SAVED_GAMES_TITLE = "Meus Jogos";
				SUPPORTED_PLATFORMS = "iphoneos iphonesimulator";
				SUPPORTS_MACCATALYST = NO;
				SUPPORTS_MAC_DESIGNED_FOR_IPHONE_IPAD = NO;
				SWIFT_EMIT_LOC_STRINGS = YES;
				SWIFT_VERSION = 5.0;
				TARGETED_DEVICE_FAMILY = "1,2";
			};
			name = Debug;
		};
		14460B3C2A0C949B00C4DA54 /* Release */ = {
			isa = XCBuildConfiguration;
			baseConfigurationReference = D8D526D251AD9F0C4C425C9F /* Pods-Easy Numbers.release.xcconfig */;
			buildSettings = {
				APP_NAME = "Jogos Lotéricas";
				ASSETCATALOG_COMPILER_APPICON_NAME = AppIcon;
				ASSETCATALOG_COMPILER_GLOBAL_ACCENT_COLOR_NAME = AccentColor;
				CODE_SIGN_STYLE = Automatic;
				CURRENT_PROJECT_VERSION = 5;
				DEVELOPMENT_TEAM = KTUAP2Z2QF;
				GENERATE_INFOPLIST_FILE = YES;
				INFOPLIST_FILE = "Easy Numbers/Resources/Info.plist";
				INFOPLIST_KEY_CFBundleDisplayName = "Jogos Lotérica";
				INFOPLIST_KEY_LSApplicationCategoryType = "public.app-category.productivity";
				INFOPLIST_KEY_UIApplicationSupportsIndirectInputEvents = YES;
				INFOPLIST_KEY_UILaunchStoryboardName = LaunchScreen;
				INFOPLIST_KEY_UIStatusBarStyle = UIStatusBarStyleDarkContent;
				INFOPLIST_KEY_UISupportedInterfaceOrientations = UIInterfaceOrientationPortrait;
				INFOPLIST_KEY_UISupportedInterfaceOrientations_iPad = "UIInterfaceOrientationLandscapeLeft UIInterfaceOrientationLandscapeRight UIInterfaceOrientationPortrait UIInterfaceOrientationPortraitUpsideDown";
				IPHONEOS_DEPLOYMENT_TARGET = 15.0;
				LD_RUNPATH_SEARCH_PATHS = (
					"$(inherited)",
					"@executable_path/Frameworks",
				);
				MARKETING_VERSION = 1.0;
				PRODUCT_BUNDLE_IDENTIFIER = "com.njdevelopment.Easy-Numbers";
				PRODUCT_NAME = "$(TARGET_NAME)";
				RESULTS_URL = "https://www.caixa.gov.br/menu-app-loterias/Paginas/menu.aspx";
				SAVED_GAMES_TITLE = "Meus Jogos";
				SUPPORTED_PLATFORMS = "iphoneos iphonesimulator";
				SUPPORTS_MACCATALYST = NO;
				SUPPORTS_MAC_DESIGNED_FOR_IPHONE_IPAD = NO;
				SWIFT_EMIT_LOC_STRINGS = YES;
				SWIFT_VERSION = 5.0;
				TARGETED_DEVICE_FAMILY = "1,2";
			};
			name = Release;
		};
/* End XCBuildConfiguration section */

/* Begin XCConfigurationList section */
		14460B212A0C949800C4DA54 /* Build configuration list for PBXProject "Easy Numbers" */ = {
			isa = XCConfigurationList;
			buildConfigurations = (
				14460B382A0C949B00C4DA54 /* Debug */,
				14460B392A0C949B00C4DA54 /* Release */,
			);
			defaultConfigurationIsVisible = 0;
			defaultConfigurationName = Release;
		};
		14460B3A2A0C949B00C4DA54 /* Build configuration list for PBXNativeTarget "Easy Numbers" */ = {
			isa = XCConfigurationList;
			buildConfigurations = (
				14460B3B2A0C949B00C4DA54 /* Debug */,
				14460B3C2A0C949B00C4DA54 /* Release */,
			);
			defaultConfigurationIsVisible = 0;
			defaultConfigurationName = Release;
		};
/* End XCConfigurationList section */

/* Begin XCRemoteSwiftPackageReference section */
		145660DD2A3456EB003FD467 /* XCRemoteSwiftPackageReference "OnboardingKit" */ = {
			isa = XCRemoteSwiftPackageReference;
			repositoryURL = "https://github.com/Junior-iOS/OnboardingKit.git";
			requirement = {
				kind = upToNextMajorVersion;
				minimumVersion = 1.2.2;
			};
		};
/* End XCRemoteSwiftPackageReference section */

/* Begin XCSwiftPackageProductDependency section */
		145660DE2A3456EB003FD467 /* OnboardingKit */ = {
			isa = XCSwiftPackageProductDependency;
			package = 145660DD2A3456EB003FD467 /* XCRemoteSwiftPackageReference "OnboardingKit" */;
			productName = OnboardingKit;
		};
/* End XCSwiftPackageProductDependency section */
	};
	rootObject = 14460B1E2A0C949800C4DA54 /* Project object */;
}
